
Microsoft Visual Studio Solution File, Format Version 12.00
# Visual Studio 2012
Project("{D954291E-2A0B-460D-934E-DC6B0785DB48}") = "Fuzz.Shared", "Fuzz.Shared\Fuzz.Shared.shproj", "{0BFB17A5-4583-4252-80EF-ED635C82BA17}"
EndProject
Project("{FAE04EC0-301F-11D3-BF4B-00C04F79EFBC}") = "Fuzz.iOS", "Fuzz.iOS\Fuzz.iOS.csproj", "{F63C70C8-7B6E-4BC4-A32C-DCC606291A1E}"
EndProject
Project("{FAE04EC0-301F-11D3-BF4B-00C04F79EFBC}") = "Fuzz.Droid", "Fuzz.Droid\Fuzz.Droid.csproj", "{E58130E6-80C7-40E7-9DF4-74B45802A64B}"
EndProject
Global
	GlobalSection(SolutionConfigurationPlatforms) = preSolution
		Debug|iPhoneSimulator = Debug|iPhoneSimulator
		Release|iPhone = Release|iPhone
		Release|iPhoneSimulator = Release|iPhoneSimulator
		Debug|iPhone = Debug|iPhone
	EndGlobalSection
	GlobalSection(ProjectConfigurationPlatforms) = postSolution
		{F63C70C8-7B6E-4BC4-A32C-DCC606291A1E}.Debug|iPhoneSimulator.ActiveCfg = Debug|iPhoneSimulator
		{F63C70C8-7B6E-4BC4-A32C-DCC606291A1E}.Debug|iPhoneSimulator.Build.0 = Debug|iPhoneSimulator
		{F63C70C8-7B6E-4BC4-A32C-DCC606291A1E}.Release|iPhone.ActiveCfg = Release|iPhone
		{F63C70C8-7B6E-4BC4-A32C-DCC606291A1E}.Release|iPhone.Build.0 = Release|iPhone
		{F63C70C8-7B6E-4BC4-A32C-DCC606291A1E}.Release|iPhoneSimulator.ActiveCfg = Release|iPhoneSimulator
		{F63C70C8-7B6E-4BC4-A32C-DCC606291A1E}.Release|iPhoneSimulator.Build.0 = Release|iPhoneSimulator
		{F63C70C8-7B6E-4BC4-A32C-DCC606291A1E}.Debug|iPhone.ActiveCfg = Debug|iPhone
		{F63C70C8-7B6E-4BC4-A32C-DCC606291A1E}.Debug|iPhone.Build.0 = Debug|iPhone
		{E58130E6-80C7-40E7-9DF4-74B45802A64B}.Debug|iPhoneSimulator.ActiveCfg = Debug|Any CPU
		{E58130E6-80C7-40E7-9DF4-74B45802A64B}.Debug|iPhoneSimulator.Build.0 = Debug|Any CPU
		{E58130E6-80C7-40E7-9DF4-74B45802A64B}.Release|iPhone.ActiveCfg = Release|Any CPU
		{E58130E6-80C7-40E7-9DF4-74B45802A64B}.Release|iPhone.Build.0 = Release|Any CPU
		{E58130E6-80C7-40E7-9DF4-74B45802A64B}.Release|iPhoneSimulator.ActiveCfg = Release|Any CPU
		{E58130E6-80C7-40E7-9DF4-74B45802A64B}.Release|iPhoneSimulator.Build.0 = Release|Any CPU
		{E58130E6-80C7-40E7-9DF4-74B45802A64B}.Debug|iPhone.ActiveCfg = Debug|Any CPU
		{E58130E6-80C7-40E7-9DF4-74B45802A64B}.Debug|iPhone.Build.0 = Debug|Any CPU
	EndGlobalSection
EndGlobal
